
Microsoft Visual Studio Solution File, Format Version 12.00
# Visual Studio Version 17
VisualStudioVersion = 17.3.32825.248
MinimumVisualStudioVersion = 10.0.40219.1
Project("{FAE04EC0-301F-11D3-BF4B-00C04F79EFBC}") = "PracticeCoreMVC", "PracticeCoreMVC.csproj", "{FE580B9C-22A1-46BA-BD70-4BFA372D79D9}"
EndProject
Global
	GlobalSection(SolutionConfigurationPlatforms) = preSolution
		Debug|Any CPU = Debug|Any CPU
		Release|Any CPU = Release|Any CPU
	EndGlobalSection
	GlobalSection(ProjectConfigurationPlatforms) = postSolution
		{FE580B9C-22A1-46BA-BD70-4BFA372D79D9}.Debug|Any CPU.ActiveCfg = Debug|Any CPU
		{FE580B9C-22A1-46BA-BD70-4BFA372D79D9}.Debug|Any CPU.Build.0 = Debug|Any CPU
		{FE580B9C-22A1-46BA-BD70-4BFA372D79D9}.Release|Any CPU.ActiveCfg = Release|Any CPU
		{FE580B9C-22A1-46BA-BD70-4BFA372D79D9}.Release|Any CPU.Build.0 = Release|Any CPU
	EndGlobalSection
	GlobalSection(SolutionProperties) = preSolution
		HideSolutionNode = FALSE
	EndGlobalSection
	GlobalSection(ExtensibilityGlobals) = postSolution
		SolutionGuid = {EF263A0A-8A44-4275-AB4E-F30BCD2677A4}
	EndGlobalSection
EndGlobal
